github.com/jglouis/4eail40_2020 v0.0.0-20201023141515-1bcd19062cf7 h1:NpYdNSC8toyj70S0+QI1vsyx45HPcUSR854QPqmefgc=
github.com/jglouis/4eail40_2020/exercises/chess v0.0.0-20201023141515-1bcd19062cf7 h1:0kXzYUnRLPgyph37zZnQcM9rrQJuVJlNRu00HWLJ+dw=
github.com/jglouis/4eail40_2020/exercises/chess v0.0.0-20201023141515-1bcd19062cf7/go.mod h1:FqbK5icdjitJ+5q76ZZUCDHuntjpPOWZDOUKNLNdbWs=
